# This file is automatically @generated by Cargo.
# It is not intended for manual editing.
version = 4

[[package]]
name = "crust"
version = "0.1.0"
dependencies = [
 "vclock",
]

[[package]]
name = "vclock"
version = "0.4.4"
source = "registry+https://github.com/rust-lang/crates.io-index"
checksum = "45d3ed12b09218eb920cb6b777d81278ab78a16adf420718365659796d015589"
